
Microsoft Visual Studio Solution File, Format Version 12.00
# Visual Studio Version 17
VisualStudioVersion = 17.6.33723.286
MinimumVisualStudioVersion = 10.0.40219.1
Project("{FAE04EC0-301F-11D3-BF4B-00C04F79EFBC}") = "OrdenNum", "OrdenNum.csproj", "{1322C5F2-B008-47C3-BB92-0E7F35EF222D}"
EndProject
Global
	GlobalSection(SolutionConfigurationPlatforms) = preSolution
		Debug|Any CPU = Debug|Any CPU
		Release|Any CPU = Release|Any CPU
	EndGlobalSection
	GlobalSection(ProjectConfigurationPlatforms) = postSolution
		{1322C5F2-B008-47C3-BB92-0E7F35EF222D}.Debug|Any CPU.ActiveCfg = Debug|Any CPU
		{1322C5F2-B008-47C3-BB92-0E7F35EF222D}.Debug|Any CPU.Build.0 = Debug|Any CPU
		{1322C5F2-B008-47C3-BB92-0E7F35EF222D}.Release|Any CPU.ActiveCfg = Release|Any CPU
		{1322C5F2-B008-47C3-BB92-0E7F35EF222D}.Release|Any CPU.Build.0 = Release|Any CPU
	EndGlobalSection
	GlobalSection(SolutionProperties) = preSolution
		HideSolutionNode = FALSE
	EndGlobalSection
	GlobalSection(ExtensibilityGlobals) = postSolution
		SolutionGuid = {E38A9BB5-5EE2-4B65-B18A-B8B8318E2958}
	EndGlobalSection
EndGlobal
